
Microsoft Visual Studio Solution File, Format Version 12.00
# Visual Studio Version 17
VisualStudioVersion = 17.1.32421.90
MinimumVisualStudioVersion = 10.0.40219.1
Project("{FAE04EC0-301F-11D3-BF4B-00C04F79EFBC}") = "Ejercicio8", "Ejercicio8.csproj", "{0001D9D0-599D-46D3-B228-78919E561AA6}"
EndProject
Global
	GlobalSection(SolutionConfigurationPlatforms) = preSolution
		Debug|Any CPU = Debug|Any CPU
		Release|Any CPU = Release|Any CPU
	EndGlobalSection
	GlobalSection(ProjectConfigurationPlatforms) = postSolution
		{0001D9D0-599D-46D3-B228-78919E561AA6}.Debug|Any CPU.ActiveCfg = Debug|Any CPU
		{0001D9D0-599D-46D3-B228-78919E561AA6}.Debug|Any CPU.Build.0 = Debug|Any CPU
		{0001D9D0-599D-46D3-B228-78919E561AA6}.Release|Any CPU.ActiveCfg = Release|Any CPU
		{0001D9D0-599D-46D3-B228-78919E561AA6}.Release|Any CPU.Build.0 = Release|Any CPU
	EndGlobalSection
	GlobalSection(SolutionProperties) = preSolution
		HideSolutionNode = FALSE
	EndGlobalSection
	GlobalSection(ExtensibilityGlobals) = postSolution
		SolutionGuid = {F3C046B2-9D3D-4E6E-8AEB-AB0B6DD23068}
	EndGlobalSection
EndGlobal
