
Microsoft Visual Studio Solution File, Format Version 12.00
# Visual Studio Version 17
VisualStudioVersion = 17.1.32421.90
MinimumVisualStudioVersion = 10.0.40219.1
Project("{FAE04EC0-301F-11D3-BF4B-00C04F79EFBC}") = "Ejercicio21", "Ejercicio21.csproj", "{44815111-C563-4F18-8DB6-DC9BF519434C}"
EndProject
Global
	GlobalSection(SolutionConfigurationPlatforms) = preSolution
		Debug|Any CPU = Debug|Any CPU
		Release|Any CPU = Release|Any CPU
	EndGlobalSection
	GlobalSection(ProjectConfigurationPlatforms) = postSolution
		{44815111-C563-4F18-8DB6-DC9BF519434C}.Debug|Any CPU.ActiveCfg = Debug|Any CPU
		{44815111-C563-4F18-8DB6-DC9BF519434C}.Debug|Any CPU.Build.0 = Debug|Any CPU
		{44815111-C563-4F18-8DB6-DC9BF519434C}.Release|Any CPU.ActiveCfg = Release|Any CPU
		{44815111-C563-4F18-8DB6-DC9BF519434C}.Release|Any CPU.Build.0 = Release|Any CPU
	EndGlobalSection
	GlobalSection(SolutionProperties) = preSolution
		HideSolutionNode = FALSE
	EndGlobalSection
	GlobalSection(ExtensibilityGlobals) = postSolution
		SolutionGuid = {6A3AAA15-9B2C-4AAB-A31B-BA3E1AF14D7C}
	EndGlobalSection
EndGlobal
