
Microsoft Visual Studio Solution File, Format Version 12.00
# Visual Studio Version 17
VisualStudioVersion = 17.1.32421.90
MinimumVisualStudioVersion = 10.0.40219.1
Project("{FAE04EC0-301F-11D3-BF4B-00C04F79EFBC}") = "Ejercicio10", "Ejercicio10.csproj", "{ECA84F79-DB2F-46A5-953B-A21869A5F587}"
EndProject
Global
	GlobalSection(SolutionConfigurationPlatforms) = preSolution
		Debug|Any CPU = Debug|Any CPU
		Release|Any CPU = Release|Any CPU
	EndGlobalSection
	GlobalSection(ProjectConfigurationPlatforms) = postSolution
		{ECA84F79-DB2F-46A5-953B-A21869A5F587}.Debug|Any CPU.ActiveCfg = Debug|Any CPU
		{ECA84F79-DB2F-46A5-953B-A21869A5F587}.Debug|Any CPU.Build.0 = Debug|Any CPU
		{ECA84F79-DB2F-46A5-953B-A21869A5F587}.Release|Any CPU.ActiveCfg = Release|Any CPU
		{ECA84F79-DB2F-46A5-953B-A21869A5F587}.Release|Any CPU.Build.0 = Release|Any CPU
	EndGlobalSection
	GlobalSection(SolutionProperties) = preSolution
		HideSolutionNode = FALSE
	EndGlobalSection
	GlobalSection(ExtensibilityGlobals) = postSolution
		SolutionGuid = {4D59169F-5118-43AC-876C-0400F434B73A}
	EndGlobalSection
EndGlobal
